PODS:
  - Masonry (0.6.1)
  - SearchHUD (0.3.1):
    - Masonry (~> 0.6)

DEPENDENCIES:
  - SearchHUD (from `../`)

EXTERNAL SOURCES:
  SearchHUD:
    :path: ../

SPEC CHECKSUMS:
  Masonry: 2cb49fd14d203d2db5ca6bb017135b235dde9980
  SearchHUD: 87ade972674c46347e0a5af851a47c261fa51152

COCOAPODS: 0.35.0
